{
  "name": "@infogata/audiogata-plugin-typings",
  "version": "1.9.0",
  "lockfileVersion": 2,
  "requires": true,
  "packages": {
    "": {
      "name": "@infogata/audiogata-plugin-typings",
      "version": "1.9.0",
      "license": "MIT",
      "engines": {
        "node": ">=12"
      }
    }
  }
}
